{
  "nodes": {
    "nixpkgs": {
      "locked": {
        "lastModified": 1687335664,
        "narHash": "sha256-gMoOCTUSLozoi+eSe99SGzjNJdgciMOoNxVJlVrqLfs=",
        "owner": "nixos",
        "repo": "nixpkgs",
        "rev": "7b697d9698d5ae350e49e8eeb05c568708bdd9f0",
        "type": "github"
      },
      "original": {
        "owner": "nixos",
        "ref": "nixpkgs-unstable",
        "repo": "nixpkgs",
        "type": "github"
      }
    },
    "root": {
      "inputs": {
        "nixpkgs": "nixpkgs"
      }
    }
  },
  "root": "root",
  "version": 7
}
