{
  "nodes": {
    "nixpkgs": {
      "locked": {
        "lastModified": 1728440485,
        "narHash": "sha256-IHtBawbxDcFDcAPWa30tVkzdcScUUuzCDkLs3WhDoBA=",
        "owner": "nixos",
        "repo": "nixpkgs",
        "rev": "2b58bfe2c0d73341362870a0f1e50b2b8f2e4b84",
        "type": "github"
      },
      "original": {
        "owner": "nixos",
        "ref": "nixpkgs-unstable",
        "repo": "nixpkgs",
        "type": "github"
      }
    },
    "root": {
      "inputs": {
        "nixpkgs": "nixpkgs"
      }
    }
  },
  "root": "root",
  "version": 7
}
